
Microsoft Visual Studio Solution File, Format Version 12.00
# Visual Studio 15
VisualStudioVersion = 15.0.28307.645
MinimumVisualStudioVersion = 10.0.40219.1
Project("{FAE04EC0-301F-11D3-BF4B-00C04F79EFBC}") = "dbConnDemo", "dbConnDemo\dbConnDemo.csproj", "{A5B2D862-80D9-4847-A418-94F9FA98D74C}"
EndProject
Global
	GlobalSection(SolutionConfigurationPlatforms) = preSolution
		Debug|Any CPU = Debug|Any CPU
		Release|Any CPU = Release|Any CPU
	EndGlobalSection
	GlobalSection(ProjectConfigurationPlatforms) = postSolution
		{A5B2D862-80D9-4847-A418-94F9FA98D74C}.Debug|Any CPU.ActiveCfg = Debug|Any CPU
		{A5B2D862-80D9-4847-A418-94F9FA98D74C}.Debug|Any CPU.Build.0 = Debug|Any CPU
		{A5B2D862-80D9-4847-A418-94F9FA98D74C}.Release|Any CPU.ActiveCfg = Release|Any CPU
		{A5B2D862-80D9-4847-A418-94F9FA98D74C}.Release|Any CPU.Build.0 = Release|Any CPU
	EndGlobalSection
	GlobalSection(SolutionProperties) = preSolution
		HideSolutionNode = FALSE
	EndGlobalSection
	GlobalSection(ExtensibilityGlobals) = postSolution
		SolutionGuid = {49B5AC5A-B5BC-4B5D-B289-41CDA28A6237}
	EndGlobalSection
EndGlobal
